
Microsoft Visual Studio Solution File, Format Version 12.00
# Visual Studio 15
VisualStudioVersion = 15.0.27428.2005
MinimumVisualStudioVersion = 10.0.40219.1
Project("{9A19103F-16F7-4668-BE54-9A1E7A4F7556}") = "front", "front.csproj", "{295D9D5A-0BF2-4ECA-902A-8BB2A4D4EAC4}"
EndProject
Project("{9A19103F-16F7-4668-BE54-9A1E7A4F7556}") = "Interfaces", "..\Interfaces\Interfaces.csproj", "{5FAC984D-6EDD-42E2-95C3-72B81D8B7EB3}"
EndProject
Project("{9A19103F-16F7-4668-BE54-9A1E7A4F7556}") = "silo", "..\silo\silo.csproj", "{4A22E379-98C5-43EF-ADAF-6B61EE37A0AA}"
EndProject
Global
	GlobalSection(SolutionConfigurationPlatforms) = preSolution
		Debug|Any CPU = Debug|Any CPU
		Release|Any CPU = Release|Any CPU
	EndGlobalSection
	GlobalSection(ProjectConfigurationPlatforms) = postSolution
		{295D9D5A-0BF2-4ECA-902A-8BB2A4D4EAC4}.Debug|Any CPU.ActiveCfg = Debug|Any CPU
		{295D9D5A-0BF2-4ECA-902A-8BB2A4D4EAC4}.Debug|Any CPU.Build.0 = Debug|Any CPU
		{295D9D5A-0BF2-4ECA-902A-8BB2A4D4EAC4}.Release|Any CPU.ActiveCfg = Release|Any CPU
		{295D9D5A-0BF2-4ECA-902A-8BB2A4D4EAC4}.Release|Any CPU.Build.0 = Release|Any CPU
		{5FAC984D-6EDD-42E2-95C3-72B81D8B7EB3}.Debug|Any CPU.ActiveCfg = Debug|Any CPU
		{5FAC984D-6EDD-42E2-95C3-72B81D8B7EB3}.Debug|Any CPU.Build.0 = Debug|Any CPU
		{5FAC984D-6EDD-42E2-95C3-72B81D8B7EB3}.Release|Any CPU.ActiveCfg = Release|Any CPU
		{5FAC984D-6EDD-42E2-95C3-72B81D8B7EB3}.Release|Any CPU.Build.0 = Release|Any CPU
		{4A22E379-98C5-43EF-ADAF-6B61EE37A0AA}.Debug|Any CPU.ActiveCfg = Debug|Any CPU
		{4A22E379-98C5-43EF-ADAF-6B61EE37A0AA}.Debug|Any CPU.Build.0 = Debug|Any CPU
		{4A22E379-98C5-43EF-ADAF-6B61EE37A0AA}.Release|Any CPU.ActiveCfg = Release|Any CPU
		{4A22E379-98C5-43EF-ADAF-6B61EE37A0AA}.Release|Any CPU.Build.0 = Release|Any CPU
	EndGlobalSection
	GlobalSection(SolutionProperties) = preSolution
		HideSolutionNode = FALSE
	EndGlobalSection
	GlobalSection(ExtensibilityGlobals) = postSolution
		SolutionGuid = {8D8E68DF-ADEC-4609-89DF-09A6D650742F}
	EndGlobalSection
EndGlobal
